github.com/coreos/pkg v0.0.0-20230601102743-20bbbf26f4d8 h1:NrLmX9HDyGvQhyZdrDx89zCvPdxQ/EHCo+xGNrjNmHc=
github.com/coreos/pkg v0.0.0-20230601102743-20bbbf26f4d8/go.mod h1:E3G3o1h8I7cfcXa63jLwjI0eiQQMgzzUDFVpN/nH/eA=
github.com/go-logr/logr v0.1.0/go.mod h1:ixOQHD9gLJUVQQ2ZOR7zLEifBX6tGkNJF4QyIY7sIas=
